// !$*UTF8*$!
{
	archiveVersion = 1;
	classes = {
	};
	objectVersion = 50;
	objects = {

/* Begin PBXBuildFile section */
		096A0B2F240EDF4D008278D2 /* AppDelegate.swift in Sources */ = {isa = PBXBuildFile; fileRef = 096A0B2E240EDF4D008278D2 /* AppDelegate.swift */; };
		096A0B31240EDF4D008278D2 /* SceneDelegate.swift in Sources */ = {isa = PBXBuildFile; fileRef = 096A0B30240EDF4D008278D2 /* SceneDelegate.swift */; };
		096A0B33240EDF4D008278D2 /* WeatherMainController.swift in Sources */ = {isa = PBXBuildFile; fileRef = 096A0B32240EDF4D008278D2 /* WeatherMainController.swift */; };
		096A0B38240EDF50008278D2 /* Assets.xcassets in Resources */ = {isa = PBXBuildFile; fileRef = 096A0B37240EDF50008278D2 /* Assets.xcassets */; };
		096A0B3B240EDF50008278D2 /* LaunchScreen.storyboard in Resources */ = {isa = PBXBuildFile; fileRef = 096A0B39240EDF50008278D2 /* LaunchScreen.storyboard */; };
		096A0B44240EDFD0008278D2 /* LocationListController.swift in Sources */ = {isa = PBXBuildFile; fileRef = 096A0B43240EDFD0008278D2 /* LocationListController.swift */; };
		096A0B46240EE009008278D2 /* SettingsController.swift in Sources */ = {isa = PBXBuildFile; fileRef = 096A0B45240EE009008278D2 /* SettingsController.swift */; };
		096A0B48240EE029008278D2 /* WeatherMainView.swift in Sources */ = {isa = PBXBuildFile; fileRef = 096A0B47240EE029008278D2 /* WeatherMainView.swift */; };
		096A0B4B240EE042008278D2 /* LocationListView.swift in Sources */ = {isa = PBXBuildFile; fileRef = 096A0B4A240EE042008278D2 /* LocationListView.swift */; };
		096A0B4D240EE094008278D2 /* SettingsView.swift in Sources */ = {isa = PBXBuildFile; fileRef = 096A0B4C240EE094008278D2 /* SettingsView.swift */; };
		096A0B4F240EE0A6008278D2 /* SecretKeys.swift in Sources */ = {isa = PBXBuildFile; fileRef = 096A0B4E240EE0A6008278D2 /* SecretKeys.swift */; };
		096A0B52240EE0D4008278D2 /* AppError.swift in Sources */ = {isa = PBXBuildFile; fileRef = 096A0B51240EE0D4008278D2 /* AppError.swift */; };
		096A0B55240EE0EE008278D2 /* NetworkHelper.swift in Sources */ = {isa = PBXBuildFile; fileRef = 096A0B54240EE0EE008278D2 /* NetworkHelper.swift */; };
		096A0B57240EE0FA008278D2 /* WeatherAPIClient.swift in Sources */ = {isa = PBXBuildFile; fileRef = 096A0B56240EE0FA008278D2 /* WeatherAPIClient.swift */; };
		096A0B59240EE10F008278D2 /* WeatherModelAPI.swift in Sources */ = {isa = PBXBuildFile; fileRef = 096A0B58240EE10F008278D2 /* WeatherModelAPI.swift */; };
		096A0B5C240EE12F008278D2 /* WeatherCurrentModel.swift in Sources */ = {isa = PBXBuildFile; fileRef = 096A0B5B240EE12F008278D2 /* WeatherCurrentModel.swift */; };
		096A0B5E240EE137008278D2 /* WeatherHourlyModel.swift in Sources */ = {isa = PBXBuildFile; fileRef = 096A0B5D240EE137008278D2 /* WeatherHourlyModel.swift */; };
/* End PBXBuildFile section */

/* Begin PBXFileReference section */
		096A0B2B240EDF4D008278D2 /* WeatherAppII.app */ = {isa = PBXFileReference; explicitFileType = wrapper.application; includeInIndex = 0; path = WeatherAppII.app; sourceTree = BUILT_PRODUCTS_DIR; };
		096A0B2E240EDF4D008278D2 /* AppDelegate.swift */ = {isa = PBXFileReference; lastKnownFileType = sourcecode.swift; path = AppDelegate.swift; sourceTree = "<group>"; };
		096A0B30240EDF4D008278D2 /* SceneDelegate.swift */ = {isa = PBXFileReference; lastKnownFileType = sourcecode.swift; path = SceneDelegate.swift; sourceTree = "<group>"; };
		096A0B32240EDF4D008278D2 /* WeatherMainController.swift */ = {isa = PBXFileReference; lastKnownFileType = sourcecode.swift; path = WeatherMainController.swift; sourceTree = "<group>"; };
		096A0B37240EDF50008278D2 /* Assets.xcassets */ = {isa = PBXFileReference; lastKnownFileType = folder.assetcatalog; path = Assets.xcassets; sourceTree = "<group>"; };
		096A0B3A240EDF50008278D2 /* Base */ = {isa = PBXFileReference; lastKnownFileType = file.storyboard; name = Base; path = Base.lproj/LaunchScreen.storyboard; sourceTree = "<group>"; };
		096A0B3C240EDF50008278D2 /* Info.plist */ = {isa = PBXFileReference; lastKnownFileType = text.plist.xml; path = Info.plist; sourceTree = "<group>"; };
		096A0B43240EDFD0008278D2 /* LocationListController.swift */ = {isa = PBXFileReference; lastKnownFileType = sourcecode.swift; path = LocationListController.swift; sourceTree = "<group>"; };
		096A0B45240EE009008278D2 /* SettingsController.swift */ = {isa = PBXFileReference; lastKnownFileType = sourcecode.swift; path = SettingsController.swift; sourceTree = "<group>"; };
		096A0B47240EE029008278D2 /* WeatherMainView.swift */ = {isa = PBXFileReference; lastKnownFileType = sourcecode.swift; path = WeatherMainView.swift; sourceTree = "<group>"; };
		096A0B4A240EE042008278D2 /* LocationListView.swift */ = {isa = PBXFileReference; lastKnownFileType = sourcecode.swift; path = LocationListView.swift; sourceTree = "<group>"; };
		096A0B4C240EE094008278D2 /* SettingsView.swift */ = {isa = PBXFileReference; lastKnownFileType = sourcecode.swift; path = SettingsView.swift; sourceTree = "<group>"; };
		096A0B4E240EE0A6008278D2 /* SecretKeys.swift */ = {isa = PBXFileReference; lastKnownFileType = sourcecode.swift; path = SecretKeys.swift; sourceTree = "<group>"; };
		096A0B51240EE0D4008278D2 /* AppError.swift */ = {isa = PBXFileReference; lastKnownFileType = sourcecode.swift; path = AppError.swift; sourceTree = "<group>"; };
		096A0B54240EE0EE008278D2 /* NetworkHelper.swift */ = {isa = PBXFileReference; lastKnownFileType = sourcecode.swift; path = NetworkHelper.swift; sourceTree = "<group>"; };
		096A0B56240EE0FA008278D2 /* WeatherAPIClient.swift */ = {isa = PBXFileReference; lastKnownFileType = sourcecode.swift; path = WeatherAPIClient.swift; sourceTree = "<group>"; };
		096A0B58240EE10F008278D2 /* WeatherModelAPI.swift */ = {isa = PBXFileReference; lastKnownFileType = sourcecode.swift; path = WeatherModelAPI.swift; sourceTree = "<group>"; };
		096A0B5B240EE12F008278D2 /* WeatherCurrentModel.swift */ = {isa = PBXFileReference; lastKnownFileType = sourcecode.swift; path = WeatherCurrentModel.swift; sourceTree = "<group>"; };
		096A0B5D240EE137008278D2 /* WeatherHourlyModel.swift */ = {isa = PBXFileReference; lastKnownFileType = sourcecode.swift; path = WeatherHourlyModel.swift; sourceTree = "<group>"; };
/* End PBXFileReference section */

/* Begin PBXFrameworksBuildPhase section */
		096A0B28240EDF4D008278D2 /* Frameworks */ = {
			isa = PBXFrameworksBuildPhase;
			buildActionMask = 2147483647;
			files = (
			);
			runOnlyForDeploymentPostprocessing = 0;
		};
/* End PBXFrameworksBuildPhase section */

/* Begin PBXGroup section */
		096A0B22240EDF4D008278D2 = {
			isa = PBXGroup;
			children = (
				096A0B2D240EDF4D008278D2 /* WeatherAppII */,
				096A0B2C240EDF4D008278D2 /* Products */,
			);
			sourceTree = "<group>";
		};
		096A0B2C240EDF4D008278D2 /* Products */ = {
			isa = PBXGroup;
			children = (
				096A0B2B240EDF4D008278D2 /* WeatherAppII.app */,
			);
			name = Products;
			sourceTree = "<group>";
		};
		096A0B2D240EDF4D008278D2 /* WeatherAppII */ = {
			isa = PBXGroup;
			children = (
				096A0B2E240EDF4D008278D2 /* AppDelegate.swift */,
				096A0B30240EDF4D008278D2 /* SceneDelegate.swift */,
				096A0B53240EE0D9008278D2 /* Network Services */,
				096A0B5A240EE11C008278D2 /* Models */,
				096A0B42240EDFB5008278D2 /* Controllers */,
				096A0B49240EE02D008278D2 /* Views */,
				096A0B50240EE0B2008278D2 /* SecretKeys */,
				096A0B37240EDF50008278D2 /* Assets.xcassets */,
				096A0B39240EDF50008278D2 /* LaunchScreen.storyboard */,
				096A0B3C240EDF50008278D2 /* Info.plist */,
			);
			path = WeatherAppII;
			sourceTree = "<group>";
		};
		096A0B42240EDFB5008278D2 /* Controllers */ = {
			isa = PBXGroup;
			children = (
				096A0B32240EDF4D008278D2 /* WeatherMainController.swift */,
				096A0B43240EDFD0008278D2 /* LocationListController.swift */,
				096A0B45240EE009008278D2 /* SettingsController.swift */,
			);
			path = Controllers;
			sourceTree = "<group>";
		};
		096A0B49240EE02D008278D2 /* Views */ = {
			isa = PBXGroup;
			children = (
				096A0B47240EE029008278D2 /* WeatherMainView.swift */,
				096A0B4A240EE042008278D2 /* LocationListView.swift */,
				096A0B4C240EE094008278D2 /* SettingsView.swift */,
			);
			path = Views;
			sourceTree = "<group>";
		};
		096A0B50240EE0B2008278D2 /* SecretKeys */ = {
			isa = PBXGroup;
			children = (
				096A0B4E240EE0A6008278D2 /* SecretKeys.swift */,
			);
			path = SecretKeys;
			sourceTree = "<group>";
		};
		096A0B53240EE0D9008278D2 /* Network Services */ = {
			isa = PBXGroup;
			children = (
				096A0B51240EE0D4008278D2 /* AppError.swift */,
				096A0B54240EE0EE008278D2 /* NetworkHelper.swift */,
				096A0B56240EE0FA008278D2 /* WeatherAPIClient.swift */,
			);
			path = "Network Services";
			sourceTree = "<group>";
		};
		096A0B5A240EE11C008278D2 /* Models */ = {
			isa = PBXGroup;
			children = (
				096A0B58240EE10F008278D2 /* WeatherModelAPI.swift */,
				096A0B5B240EE12F008278D2 /* WeatherCurrentModel.swift */,
				096A0B5D240EE137008278D2 /* WeatherHourlyModel.swift */,
			);
			path = Models;
			sourceTree = "<group>";
		};
/* End PBXGroup section */

/* Begin PBXNativeTarget section */
		096A0B2A240EDF4D008278D2 /* WeatherAppII */ = {
			isa = PBXNativeTarget;
			buildConfigurationList = 096A0B3F240EDF50008278D2 /* Build configuration list for PBXNativeTarget "WeatherAppII" */;
			buildPhases = (
				096A0B27240EDF4D008278D2 /* Sources */,
				096A0B28240EDF4D008278D2 /* Frameworks */,
				096A0B29240EDF4D008278D2 /* Resources */,
			);
			buildRules = (
			);
			dependencies = (
			);
			name = WeatherAppII;
			productName = WeatherAppII;
			productReference = 096A0B2B240EDF4D008278D2 /* WeatherAppII.app */;
			productType = "com.apple.product-type.application";
		};
/* End PBXNativeTarget section */

/* Begin PBXProject section */
		096A0B23240EDF4D008278D2 /* Project object */ = {
			isa = PBXProject;
			attributes = {
				LastSwiftUpdateCheck = 1110;
				LastUpgradeCheck = 1110;
				ORGANIZATIONNAME = "Matthew Huie";
				TargetAttributes = {
					096A0B2A240EDF4D008278D2 = {
						CreatedOnToolsVersion = 11.1;
					};
				};
			};
			buildConfigurationList = 096A0B26240EDF4D008278D2 /* Build configuration list for PBXProject "WeatherAppII" */;
			compatibilityVersion = "Xcode 9.3";
			developmentRegion = en;
			hasScannedForEncodings = 0;
			knownRegions = (
				en,
				Base,
			);
			mainGroup = 096A0B22240EDF4D008278D2;
			productRefGroup = 096A0B2C240EDF4D008278D2 /* Products */;
			projectDirPath = "";
			projectRoot = "";
			targets = (
				096A0B2A240EDF4D008278D2 /* WeatherAppII */,
			);
		};
/* End PBXProject section */

/* Begin PBXResourcesBuildPhase section */
		096A0B29240EDF4D008278D2 /* Resources */ = {
			isa = PBXResourcesBuildPhase;
			buildActionMask = 2147483647;
			files = (
				096A0B3B240EDF50008278D2 /* LaunchScreen.storyboard in Resources */,
				096A0B38240EDF50008278D2 /* Assets.xcassets in Resources */,
			);
			runOnlyForDeploymentPostprocessing = 0;
		};
/* End PBXResourcesBuildPhase section */

/* Begin PBXSourcesBuildPhase section */
		096A0B27240EDF4D008278D2 /* Sources */ = {
			isa = PBXSourcesBuildPhase;
			buildActionMask = 2147483647;
			files = (
				096A0B44240EDFD0008278D2 /* LocationListController.swift in Sources */,
				096A0B4D240EE094008278D2 /* SettingsView.swift in Sources */,
				096A0B52240EE0D4008278D2 /* AppError.swift in Sources */,
				096A0B46240EE009008278D2 /* SettingsController.swift in Sources */,
				096A0B5E240EE137008278D2 /* WeatherHourlyModel.swift in Sources */,
				096A0B55240EE0EE008278D2 /* NetworkHelper.swift in Sources */,
				096A0B48240EE029008278D2 /* WeatherMainView.swift in Sources */,
				096A0B57240EE0FA008278D2 /* WeatherAPIClient.swift in Sources */,
				096A0B59240EE10F008278D2 /* WeatherModelAPI.swift in Sources */,
				096A0B33240EDF4D008278D2 /* WeatherMainController.swift in Sources */,
				096A0B4F240EE0A6008278D2 /* SecretKeys.swift in Sources */,
				096A0B4B240EE042008278D2 /* LocationListView.swift in Sources */,
				096A0B2F240EDF4D008278D2 /* AppDelegate.swift in Sources */,
				096A0B5C240EE12F008278D2 /* WeatherCurrentModel.swift in Sources */,
				096A0B31240EDF4D008278D2 /* SceneDelegate.swift in Sources */,
			);
			runOnlyForDeploymentPostprocessing = 0;
		};
/* End PBXSourcesBuildPhase section */

/* Begin PBXVariantGroup section */
		096A0B39240EDF50008278D2 /* LaunchScreen.storyboard */ = {
			isa = PBXVariantGroup;
			children = (
				096A0B3A240EDF50008278D2 /* Base */,
			);
			name = LaunchScreen.storyboard;
			sourceTree = "<group>";
		};
/* End PBXVariantGroup section */

/* Begin XCBuildConfiguration section */
		096A0B3D240EDF50008278D2 /* Debug */ = {
			isa = XCBuildConfiguration;
			buildSettings = {
				ALWAYS_SEARCH_USER_PATHS = NO;
				CLANG_ANALYZER_NONNULL = YES;
				CLANG_ANALYZER_NUMBER_OBJECT_CONVERSION = YES_AGGRESSIVE;
				CLANG_CXX_LANGUAGE_STANDARD = "gnu++14";
				CLANG_CXX_LIBRARY = "libc++";
				CLANG_ENABLE_MODULES = YES;
				CLANG_ENABLE_OBJC_ARC = YES;
				CLANG_ENABLE_OBJC_WEAK = YES;
				CLANG_WARN_BLOCK_CAPTURE_AUTORELEASING = YES;
				CLANG_WARN_BOOL_CONVERSION = YES;
				CLANG_WARN_COMMA = YES;
				CLANG_WARN_CONSTANT_CONVERSION = YES;
				CLANG_WARN_DEPRECATED_OBJC_IMPLEMENTATIONS = YES;
				CLANG_WARN_DIRECT_OBJC_ISA_USAGE = YES_ERROR;
				CLANG_WARN_DOCUMENTATION_COMMENTS = YES;
				CLANG_WARN_EMPTY_BODY = YES;
				CLANG_WARN_ENUM_CONVERSION = YES;
				CLANG_WARN_INFINITE_RECURSION = YES;
				CLANG_WARN_INT_CONVERSION = YES;
				CLANG_WARN_NON_LITERAL_NULL_CONVERSION = YES;
				CLANG_WARN_OBJC_IMPLICIT_RETAIN_SELF = YES;
				CLANG_WARN_OBJC_LITERAL_CONVERSION = YES;
				CLANG_WARN_OBJC_ROOT_CLASS = YES_ERROR;
				CLANG_WARN_RANGE_LOOP_ANALYSIS = YES;
				CLANG_WARN_STRICT_PROTOTYPES = YES;
				CLANG_WARN_SUSPICIOUS_MOVE = YES;
				CLANG_WARN_UNGUARDED_AVAILABILITY = YES_AGGRESSIVE;
				CLANG_WARN_UNREACHABLE_CODE = YES;
				CLANG_WARN__DUPLICATE_METHOD_MATCH = YES;
				COPY_PHASE_STRIP = NO;
				DEBUG_INFORMATION_FORMAT = dwarf;
				ENABLE_STRICT_OBJC_MSGSEND = YES;
				ENABLE_TESTABILITY = YES;
				GCC_C_LANGUAGE_STANDARD = gnu11;
				GCC_DYNAMIC_NO_PIC = NO;
				GCC_NO_COMMON_BLOCKS = YES;
				GCC_OPTIMIZATION_LEVEL = 0;
				GCC_PREPROCESSOR_DEFINITIONS = (
					"DEBUG=1",
					"$(inherited)",
				);
				GCC_WARN_64_TO_32_BIT_CONVERSION = YES;
				GCC_WARN_ABOUT_RETURN_TYPE = YES_ERROR;
				GCC_WARN_UNDECLARED_SELECTOR = YES;
				GCC_WARN_UNINITIALIZED_AUTOS = YES_AGGRESSIVE;
				GCC_WARN_UNUSED_FUNCTION = YES;
				GCC_WARN_UNUSED_VARIABLE = YES;
				IPHONEOS_DEPLOYMENT_TARGET = 13.1;
				MTL_ENABLE_DEBUG_INFO = INCLUDE_SOURCE;
				MTL_FAST_MATH = YES;
				ONLY_ACTIVE_ARCH = YES;
				SDKROOT = iphoneos;
				SWIFT_ACTIVE_COMPILATION_CONDITIONS = DEBUG;
				SWIFT_OPTIMIZATION_LEVEL = "-Onone";
			};
			name = Debug;
		};
		096A0B3E240EDF50008278D2 /* Release */ = {
			isa = XCBuildConfiguration;
			buildSettings = {
				ALWAYS_SEARCH_USER_PATHS = NO;
				CLANG_ANALYZER_NONNULL = YES;
				CLANG_ANALYZER_NUMBER_OBJECT_CONVERSION = YES_AGGRESSIVE;
				CLANG_CXX_LANGUAGE_STANDARD = "gnu++14";
				CLANG_CXX_LIBRARY = "libc++";
				CLANG_ENABLE_MODULES = YES;
				CLANG_ENABLE_OBJC_ARC = YES;
				CLANG_ENABLE_OBJC_WEAK = YES;
				CLANG_WARN_BLOCK_CAPTURE_AUTORELEASING = YES;
				CLANG_WARN_BOOL_CONVERSION = YES;
				CLANG_WARN_COMMA = YES;
				CLANG_WARN_CONSTANT_CONVERSION = YES;
				CLANG_WARN_DEPRECATED_OBJC_IMPLEMENTATIONS = YES;
				CLANG_WARN_DIRECT_OBJC_ISA_USAGE = YES_ERROR;
				CLANG_WARN_DOCUMENTATION_COMMENTS = YES;
				CLANG_WARN_EMPTY_BODY = YES;
				CLANG_WARN_ENUM_CONVERSION = YES;
				CLANG_WARN_INFINITE_RECURSION = YES;
				CLANG_WARN_INT_CONVERSION = YES;
				CLANG_WARN_NON_LITERAL_NULL_CONVERSION = YES;
				CLANG_WARN_OBJC_IMPLICIT_RETAIN_SELF = YES;
				CLANG_WARN_OBJC_LITERAL_CONVERSION = YES;
				CLANG_WARN_OBJC_ROOT_CLASS = YES_ERROR;
				CLANG_WARN_RANGE_LOOP_ANALYSIS = YES;
				CLANG_WARN_STRICT_PROTOTYPES = YES;
				CLANG_WARN_SUSPICIOUS_MOVE = YES;
				CLANG_WARN_UNGUARDED_AVAILABILITY = YES_AGGRESSIVE;
				CLANG_WARN_UNREACHABLE_CODE = YES;
				CLANG_WARN__DUPLICATE_METHOD_MATCH = YES;
				COPY_PHASE_STRIP = NO;
				DEBUG_INFORMATION_FORMAT = "dwarf-with-dsym";
				ENABLE_NS_ASSERTIONS = NO;
				ENABLE_STRICT_OBJC_MSGSEND = YES;
				GCC_C_LANGUAGE_STANDARD = gnu11;
				GCC_NO_COMMON_BLOCKS = YES;
				GCC_WARN_64_TO_32_BIT_CONVERSION = YES;
				GCC_WARN_ABOUT_RETURN_TYPE = YES_ERROR;
				GCC_WARN_UNDECLARED_SELECTOR = YES;
				GCC_WARN_UNINITIALIZED_AUTOS = YES_AGGRESSIVE;
				GCC_WARN_UNUSED_FUNCTION = YES;
				GCC_WARN_UNUSED_VARIABLE = YES;
				IPHONEOS_DEPLOYMENT_TARGET = 13.1;
				MTL_ENABLE_DEBUG_INFO = NO;
				MTL_FAST_MATH = YES;
				SDKROOT = iphoneos;
				SWIFT_COMPILATION_MODE = wholemodule;
				SWIFT_OPTIMIZATION_LEVEL = "-O";
				VALIDATE_PRODUCT = YES;
			};
			name = Release;
		};
		096A0B40240EDF50008278D2 /* Debug */ = {
			isa = XCBuildConfiguration;
			buildSettings = {
				ASSETCATALOG_COMPILER_APPICON_NAME = AppIcon;
				CODE_SIGN_STYLE = Automatic;
				DEVELOPMENT_TEAM = YTJZLJSH82;
				INFOPLIST_FILE = WeatherAppII/Info.plist;
				LD_RUNPATH_SEARCH_PATHS = (
					"$(inherited)",
					"@executable_path/Frameworks",
				);
				PRODUCT_BUNDLE_IDENTIFIER = "Huie-Matthew.WeatherAppII";
				PRODUCT_NAME = "$(TARGET_NAME)";
				SWIFT_VERSION = 5.0;
				TARGETED_DEVICE_FAMILY = "1,2";
			};
			name = Debug;
		};
		096A0B41240EDF50008278D2 /* Release */ = {
			isa = XCBuildConfiguration;
			buildSettings = {
				ASSETCATALOG_COMPILER_APPICON_NAME = AppIcon;
				CODE_SIGN_STYLE = Automatic;
				DEVELOPMENT_TEAM = YTJZLJSH82;
				INFOPLIST_FILE = WeatherAppII/Info.plist;
				LD_RUNPATH_SEARCH_PATHS = (
					"$(inherited)",
					"@executable_path/Frameworks",
				);
				PRODUCT_BUNDLE_IDENTIFIER = "Huie-Matthew.WeatherAppII";
				PRODUCT_NAME = "$(TARGET_NAME)";
				SWIFT_VERSION = 5.0;
				TARGETED_DEVICE_FAMILY = "1,2";
			};
			name = Release;
		};
/* End XCBuildConfiguration section */

/* Begin XCConfigurationList section */
		096A0B26240EDF4D008278D2 /* Build configuration list for PBXProject "WeatherAppII" */ = {
			isa = XCConfigurationList;
			buildConfigurations = (
				096A0B3D240EDF50008278D2 /* Debug */,
				096A0B3E240EDF50008278D2 /* Release */,
			);
			defaultConfigurationIsVisible = 0;
			defaultConfigurationName = Release;
		};
		096A0B3F240EDF50008278D2 /* Build configuration list for PBXNativeTarget "WeatherAppII" */ = {
			isa = XCConfigurationList;
			buildConfigurations = (
				096A0B40240EDF50008278D2 /* Debug */,
				096A0B41240EDF50008278D2 /* Release */,
			);
			defaultConfigurationIsVisible = 0;
			defaultConfigurationName = Release;
		};
/* End XCConfigurationList section */
	};
	rootObject = 096A0B23240EDF4D008278D2 /* Project object */;
}
